
Microsoft Visual Studio Solution File, Format Version 12.00
# Visual Studio Version 17
VisualStudioVersion = 17.2.32526.322
MinimumVisualStudioVersion = 10.0.40219.1
Project("{2150E333-8FDC-42A3-9474-1A3956D46DE8}") = "Solution Items", "Solution Items", "{12DD062C-CB85-41D7-8FF7-3A4969F0F1E5}"
	ProjectSection(SolutionItems) = preProject
		.angulardoc.json = .angulardoc.json
		.editorconfig = .editorconfig
		.gitattributes = .gitattributes
		.gitignore = .gitignore
		scripts\build.sh = scripts\build.sh
		scripts\clean.sh = scripts\clean.sh
		README.md = README.md
		scripts\restore.sh = scripts\restore.sh
	EndProjectSection
EndProject
Project("{9A19103F-16F7-4668-BE54-9A1E7A4F7556}") = "livestock-tracker.base", "src\livestock-tracker.base\livestock-tracker.base.csproj", "{E02D2A40-6988-4E78-B6B6-CAE4D3EE77FA}"
EndProject
Project("{9A19103F-16F7-4668-BE54-9A1E7A4F7556}") = "livestock-tracker.database", "src\livestock-tracker.database\livestock-tracker.database.csproj", "{DEC65809-06E0-4F1B-ACFC-2908E603DF85}"
EndProject
Project("{9A19103F-16F7-4668-BE54-9A1E7A4F7556}") = "livestock-tracker.models", "src\livestock-tracker.models\livestock-tracker.models.csproj", "{F9F804C7-88B3-415F-B006-8EDD981A2C76}"
EndProject
Project("{9A19103F-16F7-4668-BE54-9A1E7A4F7556}") = "livestock-tracker", "src\livestock-tracker\livestock-tracker.csproj", "{B98D00ED-A927-4AE9-94B7-154BB552F99B}"
EndProject
Project("{9A19103F-16F7-4668-BE54-9A1E7A4F7556}") = "livestock-tracker.database.sqlite", "src\livestock-tracker.database.sqlite\livestock-tracker.database.sqlite.csproj", "{42CC84FA-30B9-4F18-A081-314B30934764}"
EndProject
Project("{9A19103F-16F7-4668-BE54-9A1E7A4F7556}") = "LivestockTracker.Logic.UnitTests", "test\LivestockTracker.Logic.UnitTests\LivestockTracker.Logic.UnitTests.csproj", "{E99FACE8-D907-4584-B81A-295EAD67DB68}"
EndProject
Project("{9A19103F-16F7-4668-BE54-9A1E7A4F7556}") = "livestock-tracker.abstractions", "src\livestock-tracker.abstractions\livestock-tracker.abstractions.csproj", "{4589A780-8BB8-48CB-BF8B-E9CF21894CF7}"
EndProject
Project("{9A19103F-16F7-4668-BE54-9A1E7A4F7556}") = "livestock-tracker.logic", "src\livestock-tracker.logic\livestock-tracker.logic.csproj", "{A2E5FFA9-AC57-4B38-A25B-C172581BC23F}"
EndProject
Project("{2150E333-8FDC-42A3-9474-1A3956D46DE8}") = "test", "test", "{0C03D32C-973F-463E-926E-F562ABA1BF32}"
EndProject
Project("{2150E333-8FDC-42A3-9474-1A3956D46DE8}") = "src", "src", "{8C5E55CE-4187-4B34-AFC2-6A20FC1DCCE7}"
EndProject
Project("{9A19103F-16F7-4668-BE54-9A1E7A4F7556}") = "LivestockTracker.Medicine.IntegrationTests", "test\LivestockTracker.Medicine.IntegrationTests\LivestockTracker.Medicine.IntegrationTests.csproj", "{825EAB1E-4D9B-4D77-B3A6-F13C6CF90186}"
EndProject
Global
	GlobalSection(SolutionConfigurationPlatforms) = preSolution
		Debug Updater|Any CPU = Debug Updater|Any CPU
		Debug|Any CPU = Debug|Any CPU
		Release|Any CPU = Release|Any CPU
	EndGlobalSection
	GlobalSection(ProjectConfigurationPlatforms) = postSolution
		{E02D2A40-6988-4E78-B6B6-CAE4D3EE77FA}.Debug Updater|Any CPU.ActiveCfg = Debug Updater|Any CPU
		{E02D2A40-6988-4E78-B6B6-CAE4D3EE77FA}.Debug Updater|Any CPU.Build.0 = Debug Updater|Any CPU
		{E02D2A40-6988-4E78-B6B6-CAE4D3EE77FA}.Debug|Any CPU.ActiveCfg = Debug|Any CPU
		{E02D2A40-6988-4E78-B6B6-CAE4D3EE77FA}.Debug|Any CPU.Build.0 = Debug|Any CPU
		{E02D2A40-6988-4E78-B6B6-CAE4D3EE77FA}.Release|Any CPU.ActiveCfg = Release|Any CPU
		{E02D2A40-6988-4E78-B6B6-CAE4D3EE77FA}.Release|Any CPU.Build.0 = Release|Any CPU
		{DEC65809-06E0-4F1B-ACFC-2908E603DF85}.Debug Updater|Any CPU.ActiveCfg = Debug|Any CPU
		{DEC65809-06E0-4F1B-ACFC-2908E603DF85}.Debug Updater|Any CPU.Build.0 = Debug|Any CPU
		{DEC65809-06E0-4F1B-ACFC-2908E603DF85}.Debug|Any CPU.ActiveCfg = Debug|Any CPU
		{DEC65809-06E0-4F1B-ACFC-2908E603DF85}.Debug|Any CPU.Build.0 = Debug|Any CPU
		{DEC65809-06E0-4F1B-ACFC-2908E603DF85}.Release|Any CPU.ActiveCfg = Release|Any CPU
		{DEC65809-06E0-4F1B-ACFC-2908E603DF85}.Release|Any CPU.Build.0 = Release|Any CPU
		{F9F804C7-88B3-415F-B006-8EDD981A2C76}.Debug Updater|Any CPU.ActiveCfg = Debug|Any CPU
		{F9F804C7-88B3-415F-B006-8EDD981A2C76}.Debug Updater|Any CPU.Build.0 = Debug|Any CPU
		{F9F804C7-88B3-415F-B006-8EDD981A2C76}.Debug|Any CPU.ActiveCfg = Debug|Any CPU
		{F9F804C7-88B3-415F-B006-8EDD981A2C76}.Debug|Any CPU.Build.0 = Debug|Any CPU
		{F9F804C7-88B3-415F-B006-8EDD981A2C76}.Release|Any CPU.ActiveCfg = Release|Any CPU
		{F9F804C7-88B3-415F-B006-8EDD981A2C76}.Release|Any CPU.Build.0 = Release|Any CPU
		{B98D00ED-A927-4AE9-94B7-154BB552F99B}.Debug Updater|Any CPU.ActiveCfg = Debug|Any CPU
		{B98D00ED-A927-4AE9-94B7-154BB552F99B}.Debug Updater|Any CPU.Build.0 = Debug|Any CPU
		{B98D00ED-A927-4AE9-94B7-154BB552F99B}.Debug|Any CPU.ActiveCfg = Debug|Any CPU
		{B98D00ED-A927-4AE9-94B7-154BB552F99B}.Debug|Any CPU.Build.0 = Debug|Any CPU
		{B98D00ED-A927-4AE9-94B7-154BB552F99B}.Release|Any CPU.ActiveCfg = Release|Any CPU
		{B98D00ED-A927-4AE9-94B7-154BB552F99B}.Release|Any CPU.Build.0 = Release|Any CPU
		{42CC84FA-30B9-4F18-A081-314B30934764}.Debug Updater|Any CPU.ActiveCfg = Debug|Any CPU
		{42CC84FA-30B9-4F18-A081-314B30934764}.Debug Updater|Any CPU.Build.0 = Debug|Any CPU
		{42CC84FA-30B9-4F18-A081-314B30934764}.Debug|Any CPU.ActiveCfg = Debug|Any CPU
		{42CC84FA-30B9-4F18-A081-314B30934764}.Debug|Any CPU.Build.0 = Debug|Any CPU
		{42CC84FA-30B9-4F18-A081-314B30934764}.Release|Any CPU.ActiveCfg = Release|Any CPU
		{42CC84FA-30B9-4F18-A081-314B30934764}.Release|Any CPU.Build.0 = Release|Any CPU
		{E99FACE8-D907-4584-B81A-295EAD67DB68}.Debug Updater|Any CPU.ActiveCfg = Debug|Any CPU
		{E99FACE8-D907-4584-B81A-295EAD67DB68}.Debug Updater|Any CPU.Build.0 = Debug|Any CPU
		{E99FACE8-D907-4584-B81A-295EAD67DB68}.Debug|Any CPU.ActiveCfg = Debug|Any CPU
		{E99FACE8-D907-4584-B81A-295EAD67DB68}.Debug|Any CPU.Build.0 = Debug|Any CPU
		{E99FACE8-D907-4584-B81A-295EAD67DB68}.Release|Any CPU.ActiveCfg = Release|Any CPU
		{E99FACE8-D907-4584-B81A-295EAD67DB68}.Release|Any CPU.Build.0 = Release|Any CPU
		{4589A780-8BB8-48CB-BF8B-E9CF21894CF7}.Debug Updater|Any CPU.ActiveCfg = Debug|Any CPU
		{4589A780-8BB8-48CB-BF8B-E9CF21894CF7}.Debug Updater|Any CPU.Build.0 = Debug|Any CPU
		{4589A780-8BB8-48CB-BF8B-E9CF21894CF7}.Debug|Any CPU.ActiveCfg = Debug|Any CPU
		{4589A780-8BB8-48CB-BF8B-E9CF21894CF7}.Debug|Any CPU.Build.0 = Debug|Any CPU
		{4589A780-8BB8-48CB-BF8B-E9CF21894CF7}.Release|Any CPU.ActiveCfg = Release|Any CPU
		{4589A780-8BB8-48CB-BF8B-E9CF21894CF7}.Release|Any CPU.Build.0 = Release|Any CPU
		{A2E5FFA9-AC57-4B38-A25B-C172581BC23F}.Debug Updater|Any CPU.ActiveCfg = Debug|Any CPU
		{A2E5FFA9-AC57-4B38-A25B-C172581BC23F}.Debug Updater|Any CPU.Build.0 = Debug|Any CPU
		{A2E5FFA9-AC57-4B38-A25B-C172581BC23F}.Debug|Any CPU.ActiveCfg = Debug|Any CPU
		{A2E5FFA9-AC57-4B38-A25B-C172581BC23F}.Debug|Any CPU.Build.0 = Debug|Any CPU
		{A2E5FFA9-AC57-4B38-A25B-C172581BC23F}.Release|Any CPU.ActiveCfg = Release|Any CPU
		{A2E5FFA9-AC57-4B38-A25B-C172581BC23F}.Release|Any CPU.Build.0 = Release|Any CPU
		{825EAB1E-4D9B-4D77-B3A6-F13C6CF90186}.Debug Updater|Any CPU.ActiveCfg = Debug|Any CPU
		{825EAB1E-4D9B-4D77-B3A6-F13C6CF90186}.Debug Updater|Any CPU.Build.0 = Debug|Any CPU
		{825EAB1E-4D9B-4D77-B3A6-F13C6CF90186}.Debug|Any CPU.ActiveCfg = Debug|Any CPU
		{825EAB1E-4D9B-4D77-B3A6-F13C6CF90186}.Debug|Any CPU.Build.0 = Debug|Any CPU
		{825EAB1E-4D9B-4D77-B3A6-F13C6CF90186}.Release|Any CPU.ActiveCfg = Release|Any CPU
		{825EAB1E-4D9B-4D77-B3A6-F13C6CF90186}.Release|Any CPU.Build.0 = Release|Any CPU
	EndGlobalSection
	GlobalSection(SolutionProperties) = preSolution
		HideSolutionNode = FALSE
	EndGlobalSection
	GlobalSection(NestedProjects) = preSolution
		{E02D2A40-6988-4E78-B6B6-CAE4D3EE77FA} = {8C5E55CE-4187-4B34-AFC2-6A20FC1DCCE7}
		{DEC65809-06E0-4F1B-ACFC-2908E603DF85} = {8C5E55CE-4187-4B34-AFC2-6A20FC1DCCE7}
		{F9F804C7-88B3-415F-B006-8EDD981A2C76} = {8C5E55CE-4187-4B34-AFC2-6A20FC1DCCE7}
		{B98D00ED-A927-4AE9-94B7-154BB552F99B} = {8C5E55CE-4187-4B34-AFC2-6A20FC1DCCE7}
		{42CC84FA-30B9-4F18-A081-314B30934764} = {8C5E55CE-4187-4B34-AFC2-6A20FC1DCCE7}
		{E99FACE8-D907-4584-B81A-295EAD67DB68} = {0C03D32C-973F-463E-926E-F562ABA1BF32}
		{4589A780-8BB8-48CB-BF8B-E9CF21894CF7} = {8C5E55CE-4187-4B34-AFC2-6A20FC1DCCE7}
		{A2E5FFA9-AC57-4B38-A25B-C172581BC23F} = {8C5E55CE-4187-4B34-AFC2-6A20FC1DCCE7}
		{825EAB1E-4D9B-4D77-B3A6-F13C6CF90186} = {0C03D32C-973F-463E-926E-F562ABA1BF32}
	EndGlobalSection
	GlobalSection(ExtensibilityGlobals) = postSolution
		SolutionGuid = {993AB101-CB97-410F-845B-BE6CDD87F426}
	EndGlobalSection
EndGlobal
