
Microsoft Visual Studio Solution File, Format Version 12.00
# Visual Studio 15
VisualStudioVersion = 15.0.28307.421
MinimumVisualStudioVersion = 10.0.40219.1
Project("{9A19103F-16F7-4668-BE54-9A1E7A4F7556}") = "livestock-tracker.updater", "livestock-tracker.updater\livestock-tracker.updater.csproj", "{09705442-FAA8-4FBC-908F-A5232DF6ABC1}"
EndProject
Project("{9A19103F-16F7-4668-BE54-9A1E7A4F7556}") = "livestock-tracker.base", "livestock-tracker.base\livestock-tracker.base.csproj", "{A029F396-EABB-4AD4-BAB5-F9C8113C48D3}"
EndProject
Project("{FAE04EC0-301F-11D3-BF4B-00C04F79EFBC}") = "livestock-tracker.updater.windows", "livestock-tracker.updater.windows\livestock-tracker.updater.windows.csproj", "{7ACD96E0-2D6C-4C0A-A11A-87F45A335D64}"
EndProject
Project("{9A19103F-16F7-4668-BE54-9A1E7A4F7556}") = "livestock-tracker.process-manager", "livestock-tracker.process-manager\livestock-tracker.process-manager.csproj", "{4D5ECCE3-4E6D-4858-8816-4C60D7DAA58A}"
EndProject
Global
	GlobalSection(SolutionConfigurationPlatforms) = preSolution
		Debug Updater|Any CPU = Debug Updater|Any CPU
		Debug|Any CPU = Debug|Any CPU
		Release|Any CPU = Release|Any CPU
	EndGlobalSection
	GlobalSection(ProjectConfigurationPlatforms) = postSolution
		{09705442-FAA8-4FBC-908F-A5232DF6ABC1}.Debug Updater|Any CPU.ActiveCfg = Debug Updater|Any CPU
		{09705442-FAA8-4FBC-908F-A5232DF6ABC1}.Debug Updater|Any CPU.Build.0 = Debug Updater|Any CPU
		{09705442-FAA8-4FBC-908F-A5232DF6ABC1}.Debug|Any CPU.ActiveCfg = Debug|Any CPU
		{09705442-FAA8-4FBC-908F-A5232DF6ABC1}.Debug|Any CPU.Build.0 = Debug|Any CPU
		{09705442-FAA8-4FBC-908F-A5232DF6ABC1}.Release|Any CPU.ActiveCfg = Release|Any CPU
		{09705442-FAA8-4FBC-908F-A5232DF6ABC1}.Release|Any CPU.Build.0 = Release|Any CPU
		{A029F396-EABB-4AD4-BAB5-F9C8113C48D3}.Debug Updater|Any CPU.ActiveCfg = Debug Updater|Any CPU
		{A029F396-EABB-4AD4-BAB5-F9C8113C48D3}.Debug Updater|Any CPU.Build.0 = Debug Updater|Any CPU
		{A029F396-EABB-4AD4-BAB5-F9C8113C48D3}.Debug|Any CPU.ActiveCfg = Debug|Any CPU
		{A029F396-EABB-4AD4-BAB5-F9C8113C48D3}.Debug|Any CPU.Build.0 = Debug|Any CPU
		{A029F396-EABB-4AD4-BAB5-F9C8113C48D3}.Release|Any CPU.ActiveCfg = Release|Any CPU
		{A029F396-EABB-4AD4-BAB5-F9C8113C48D3}.Release|Any CPU.Build.0 = Release|Any CPU
		{7ACD96E0-2D6C-4C0A-A11A-87F45A335D64}.Debug Updater|Any CPU.ActiveCfg = Debug Updater|Any CPU
		{7ACD96E0-2D6C-4C0A-A11A-87F45A335D64}.Debug Updater|Any CPU.Build.0 = Debug Updater|Any CPU
		{7ACD96E0-2D6C-4C0A-A11A-87F45A335D64}.Debug|Any CPU.ActiveCfg = Debug|Any CPU
		{7ACD96E0-2D6C-4C0A-A11A-87F45A335D64}.Debug|Any CPU.Build.0 = Debug|Any CPU
		{7ACD96E0-2D6C-4C0A-A11A-87F45A335D64}.Release|Any CPU.ActiveCfg = Release|Any CPU
		{7ACD96E0-2D6C-4C0A-A11A-87F45A335D64}.Release|Any CPU.Build.0 = Release|Any CPU
		{4D5ECCE3-4E6D-4858-8816-4C60D7DAA58A}.Debug Updater|Any CPU.ActiveCfg = Debug Updater|Any CPU
		{4D5ECCE3-4E6D-4858-8816-4C60D7DAA58A}.Debug Updater|Any CPU.Build.0 = Debug Updater|Any CPU
		{4D5ECCE3-4E6D-4858-8816-4C60D7DAA58A}.Debug|Any CPU.ActiveCfg = Debug|Any CPU
		{4D5ECCE3-4E6D-4858-8816-4C60D7DAA58A}.Debug|Any CPU.Build.0 = Debug|Any CPU
		{4D5ECCE3-4E6D-4858-8816-4C60D7DAA58A}.Release|Any CPU.ActiveCfg = Release|Any CPU
		{4D5ECCE3-4E6D-4858-8816-4C60D7DAA58A}.Release|Any CPU.Build.0 = Release|Any CPU
	EndGlobalSection
	GlobalSection(SolutionProperties) = preSolution
		HideSolutionNode = FALSE
	EndGlobalSection
	GlobalSection(ExtensibilityGlobals) = postSolution
		SolutionGuid = {B814E731-3C87-41E7-B5D9-3B047C154A6B}
	EndGlobalSection
EndGlobal
