{
  "requires": true,
  "lockfileVersion": 1,
  "dependencies": {
    "@angular/cdk": {
      "version": "5.2.5",
      "resolved": "https://registry.npmjs.org/@angular/cdk/-/cdk-5.2.5.tgz",
      "integrity": "sha512-GN8m1d+VcCE9+Bgwv06Y8YJKyZ0i9ZIq2ZPBcJYt+KVgnVVRg4JkyUNxud07LNsvzOX22DquHqmIZiC4hAG7Ag==",
      "requires": {
        "tslib": "1.9.0"
      }
    },
    "@angular/material": {
      "version": "6.0.1",
      "resolved": "https://registry.npmjs.org/@angular/material/-/material-6.0.1.tgz",
      "integrity": "sha512-QbAFoE3wruv/XsAKJirGn0fSfmVIBMCrtGe55hZjOVhvRbrnXJ61VSr4zrO/LDPzT17yXhf3ZaB3Yp/4GmRk8w==",
      "requires": {
        "tslib": "1.9.0"
      }
    },
    "tslib": {
      "version": "1.9.0",
      "resolved": "https://registry.npmjs.org/tslib/-/tslib-1.9.0.tgz",
      "integrity": "sha512-f/qGG2tUkrISBlQZEjEqoZ3B2+npJjIf04H1wuAv9iA8i04Icp+61KRXxFdha22670NJopsZCIjhC3SnjPRKrQ=="
    }
  }
}
